
Microsoft Visual Studio Solution File, Format Version 12.00
# Visual Studio Version 17
VisualStudioVersion = 17.0.31903.59
MinimumVisualStudioVersion = 10.0.40219.1
Project("{2150E333-8FDC-42A3-9474-1A3956D46DE8}") = "src", "src", "{3F4BEB4F-7427-4E60-A86B-4D7C997157BF}"
EndProject
Project("{FAE04EC0-301F-11D3-BF4B-00C04F79EFBC}") = "AuctionService", "src\AuctionService\AuctionService.csproj", "{0E50E1C8-A726-48C6-BA8A-83BDDAC7D98C}"
EndProject
Project("{FAE04EC0-301F-11D3-BF4B-00C04F79EFBC}") = "SearchService", "src\SearchService\SearchService.csproj", "{B51C229A-EDBC-4192-B995-5DEBCEDD07F9}"
EndProject
Global
	GlobalSection(SolutionConfigurationPlatforms) = preSolution
		Debug|Any CPU = Debug|Any CPU
		Release|Any CPU = Release|Any CPU
	EndGlobalSection
	GlobalSection(SolutionProperties) = preSolution
		HideSolutionNode = FALSE
	EndGlobalSection
	GlobalSection(ProjectConfigurationPlatforms) = postSolution
		{0E50E1C8-A726-48C6-BA8A-83BDDAC7D98C}.Debug|Any CPU.ActiveCfg = Debug|Any CPU
		{0E50E1C8-A726-48C6-BA8A-83BDDAC7D98C}.Debug|Any CPU.Build.0 = Debug|Any CPU
		{0E50E1C8-A726-48C6-BA8A-83BDDAC7D98C}.Release|Any CPU.ActiveCfg = Release|Any CPU
		{0E50E1C8-A726-48C6-BA8A-83BDDAC7D98C}.Release|Any CPU.Build.0 = Release|Any CPU
		{B51C229A-EDBC-4192-B995-5DEBCEDD07F9}.Debug|Any CPU.ActiveCfg = Debug|Any CPU
		{B51C229A-EDBC-4192-B995-5DEBCEDD07F9}.Debug|Any CPU.Build.0 = Debug|Any CPU
		{B51C229A-EDBC-4192-B995-5DEBCEDD07F9}.Release|Any CPU.ActiveCfg = Release|Any CPU
		{B51C229A-EDBC-4192-B995-5DEBCEDD07F9}.Release|Any CPU.Build.0 = Release|Any CPU
	EndGlobalSection
	GlobalSection(NestedProjects) = preSolution
		{0E50E1C8-A726-48C6-BA8A-83BDDAC7D98C} = {3F4BEB4F-7427-4E60-A86B-4D7C997157BF}
		{B51C229A-EDBC-4192-B995-5DEBCEDD07F9} = {3F4BEB4F-7427-4E60-A86B-4D7C997157BF}
	EndGlobalSection
EndGlobal
